{
  "version": 4,
  "terraform_version": "0.12.16",
  "serial": 28,
  "lineage": "e2ebbaad-64cb-ff46-951a-6f3c306637a6",
  "outputs": {
    "lb_endpoint": {
      "value": "jenkins-master-bfdf1950b9efc8a8.elb.us-west-2.amazonaws.com",
      "type": "string"
    }
  },
  "resources": [
    {
      "mode": "data",
      "type": "template_file",
      "name": "master_user_data",
      "provider": "provider.template",
      "instances": [
        {
          "schema_version": 0,
          "attributes": {
            "filename": null,
            "id": "5df2d89f2ded5d3f6d51c3193f317f9392b595ef045e7151b06d8d92b8f2415d",
            "rendered": "#!/bin/bash\n\nEFS_DNS_NAME=\"fs-30b31e9a.efs.us-west-2.amazonaws.com\"\n\nsudo mkdir -p /var/lib/jenkins\nsudo mount -t nfs -o nfsvers=4.1,rsize=1048576,wsize=1048576,hard,timeo=600,retrans=2,noresvport $EFS_DNS_NAME:/ /var/lib/jenkins/\nsudo chmod go+rw /var/lib/jenkins\nsudo yum -y install jenkins\nsudo systemctl start jenkins\nsudo systemctl enable jenkins",
            "template": "#!/bin/bash\n\nEFS_DNS_NAME=\"${efs_dns_name}\"\n\nsudo mkdir -p /var/lib/jenkins\nsudo mount -t nfs -o nfsvers=4.1,rsize=1048576,wsize=1048576,hard,timeo=600,retrans=2,noresvport $EFS_DNS_NAME:/ /var/lib/jenkins/\nsudo chmod go+rw /var/lib/jenkins\nsudo yum -y install jenkins\nsudo systemctl start jenkins\nsudo systemctl enable jenkins",
            "vars": {
              "efs_dns_name": "fs-30b31e9a.efs.us-west-2.amazonaws.com"
            }
          }
        }
      ]
    },
    {
      "mode": "managed",
      "type": "aws_autoscaling_group",
      "name": "master",
      "provider": "provider.aws",
      "instances": [
        {
          "schema_version": 0,
          "attributes": {
            "arn": "arn:aws:autoscaling:us-west-2:535819069727:autoScalingGroup:cc8ae1f1-f168-4949-abbb-e91820e6bc72:autoScalingGroupName/jenkins-master",
            "availability_zones": [
              "us-west-2a"
            ],
            "default_cooldown": 300,
            "desired_capacity": 1,
            "enabled_metrics": [],
            "force_delete": true,
            "health_check_grace_period": 300,
            "health_check_type": "EC2",
            "id": "jenkins-master",
            "initial_lifecycle_hook": [],
            "launch_configuration": "terraform-20200117204236238800000001",
            "launch_template": [],
            "load_balancers": [],
            "max_instance_lifetime": 0,
            "max_size": 4,
            "metrics_granularity": "1Minute",
            "min_elb_capacity": null,
            "min_size": 1,
            "mixed_instances_policy": [],
            "name": "jenkins-master",
            "name_prefix": null,
            "placement_group": "",
            "protect_from_scale_in": false,
            "service_linked_role_arn": "arn:aws:iam::535819069727:role/aws-service-role/autoscaling.amazonaws.com/AWSServiceRoleForAutoScaling",
            "suspended_processes": [],
            "tag": [
              {
                "key": "Application",
                "propagate_at_launch": true,
                "value": "Jenkins"
              },
              {
                "key": "Name",
                "propagate_at_launch": true,
                "value": "jenkins-master"
              },
              {
                "key": "Owner",
                "propagate_at_launch": true,
                "value": "DevOps Platform"
              }
            ],
            "tags": null,
            "target_group_arns": [
              "arn:aws:elasticloadbalancing:us-west-2:535819069727:targetgroup/jm20200117203751225600000001/fa8d342c7f9c27a2"
            ],
            "termination_policies": [
              "OldestLaunchConfiguration"
            ],
            "timeouts": null,
            "vpc_zone_identifier": [
              "subnet-0e62d0a10de165691"
            ],
            "wait_for_capacity_timeout": "10m",
            "wait_for_elb_capacity": null
          },
          "private": "eyJlMmJmYjczMC1lY2FhLTExZTYtOGY4OC0zNDM2M2JjN2M0YzAiOnsiZGVsZXRlIjo2MDAwMDAwMDAwMDB9fQ==",
          "dependencies": [
            "aws_launch_configuration.master",
            "aws_lb_target_group.master"
          ]
        }
      ]
    },
    {
      "mode": "managed",
      "type": "aws_autoscaling_policy",
      "name": "agents-scale-down-master",
      "provider": "provider.aws",
      "instances": [
        {
          "schema_version": 0,
          "attributes": {
            "adjustment_type": "ChangeInCapacity",
            "arn": "arn:aws:autoscaling:us-west-2:535819069727:scalingPolicy:e9a65707-518b-49c5-86df-13f7a319e2e6:autoScalingGroupName/jenkins-master:policyName/agents-scale-down",
            "autoscaling_group_name": "jenkins-master",
            "cooldown": 300,
            "estimated_instance_warmup": 0,
            "id": "agents-scale-down",
            "metric_aggregation_type": "",
            "min_adjustment_magnitude": null,
            "min_adjustment_step": null,
            "name": "agents-scale-down",
            "policy_type": "SimpleScaling",
            "scaling_adjustment": -1,
            "step_adjustment": [],
            "target_tracking_configuration": []
          },
          "private": "bnVsbA==",
          "dependencies": [
            "aws_autoscaling_group.master"
          ]
        }
      ]
    },
    {
      "mode": "managed",
      "type": "aws_autoscaling_policy",
      "name": "agents-scale-up-master",
      "provider": "provider.aws",
      "instances": [
        {
          "schema_version": 0,
          "attributes": {
            "adjustment_type": "ChangeInCapacity",
            "arn": "arn:aws:autoscaling:us-west-2:535819069727:scalingPolicy:8153b442-e572-46c1-927a-8aa8acf8cfb5:autoScalingGroupName/jenkins-master:policyName/agents-scale-up",
            "autoscaling_group_name": "jenkins-master",
            "cooldown": 300,
            "estimated_instance_warmup": 0,
            "id": "agents-scale-up",
            "metric_aggregation_type": "",
            "min_adjustment_magnitude": null,
            "min_adjustment_step": null,
            "name": "agents-scale-up",
            "policy_type": "SimpleScaling",
            "scaling_adjustment": 1,
            "step_adjustment": [],
            "target_tracking_configuration": []
          },
          "private": "bnVsbA==",
          "dependencies": [
            "aws_autoscaling_group.master"
          ]
        }
      ]
    },
    {
      "mode": "managed",
      "type": "aws_cloudwatch_metric_alarm",
      "name": "memory-high",
      "provider": "provider.aws",
      "instances": [
        {
          "schema_version": 1,
          "attributes": {
            "actions_enabled": true,
            "alarm_actions": [
              "arn:aws:autoscaling:us-west-2:535819069727:scalingPolicy:8153b442-e572-46c1-927a-8aa8acf8cfb5:autoScalingGroupName/jenkins-master:policyName/agents-scale-up"
            ],
            "alarm_description": "This metric monitors ec2 memory for high utilization on agent hosts",
            "alarm_name": "mem-util-high-agents",
            "arn": "arn:aws:cloudwatch:us-west-2:535819069727:alarm:mem-util-high-agents",
            "comparison_operator": "GreaterThanOrEqualToThreshold",
            "datapoints_to_alarm": 0,
            "dimensions": {
              "AutoScalingGroupName": "jenkins-master"
            },
            "evaluate_low_sample_count_percentiles": "",
            "evaluation_periods": 2,
            "extended_statistic": "",
            "id": "mem-util-high-agents",
            "insufficient_data_actions": [],
            "metric_name": "MemoryUtilization",
            "metric_query": [],
            "namespace": "System/Linux",
            "ok_actions": [],
            "period": 300,
            "statistic": "Average",
            "tags": {},
            "threshold": 80,
            "threshold_metric_id": "",
            "treat_missing_data": "missing",
            "unit": ""
          },
          "private": "eyJzY2hlbWFfdmVyc2lvbiI6IjEifQ==",
          "dependencies": [
            "aws_autoscaling_group.master",
            "aws_autoscaling_policy.agents-scale-up-master"
          ]
        }
      ]
    },
    {
      "mode": "managed",
      "type": "aws_cloudwatch_metric_alarm",
      "name": "memory-low",
      "provider": "provider.aws",
      "instances": [
        {
          "schema_version": 1,
          "attributes": {
            "actions_enabled": true,
            "alarm_actions": [
              "arn:aws:autoscaling:us-west-2:535819069727:scalingPolicy:e9a65707-518b-49c5-86df-13f7a319e2e6:autoScalingGroupName/jenkins-master:policyName/agents-scale-down"
            ],
            "alarm_description": "This metric monitors ec2 memory for low utilization on agent hosts",
            "alarm_name": "mem-util-low-agents",
            "arn": "arn:aws:cloudwatch:us-west-2:535819069727:alarm:mem-util-low-agents",
            "comparison_operator": "LessThanOrEqualToThreshold",
            "datapoints_to_alarm": 0,
            "dimensions": {
              "AutoScalingGroupName": "jenkins-master"
            },
            "evaluate_low_sample_count_percentiles": "",
            "evaluation_periods": 2,
            "extended_statistic": "",
            "id": "mem-util-low-agents",
            "insufficient_data_actions": [],
            "metric_name": "MemoryUtilization",
            "metric_query": [],
            "namespace": "System/Linux",
            "ok_actions": [],
            "period": 300,
            "statistic": "Average",
            "tags": {},
            "threshold": 40,
            "threshold_metric_id": "",
            "treat_missing_data": "missing",
            "unit": ""
          },
          "private": "eyJzY2hlbWFfdmVyc2lvbiI6IjEifQ==",
          "dependencies": [
            "aws_autoscaling_group.master",
            "aws_autoscaling_policy.agents-scale-down-master"
          ]
        }
      ]
    },
    {
      "mode": "managed",
      "type": "aws_efs_file_system",
      "name": "master",
      "provider": "provider.aws",
      "instances": [
        {
          "schema_version": 0,
          "attributes": {
            "arn": "arn:aws:elasticfilesystem:us-west-2:535819069727:file-system/fs-30b31e9a",
            "creation_token": "JenkinsMaster",
            "dns_name": "fs-30b31e9a.efs.us-west-2.amazonaws.com",
            "encrypted": false,
            "id": "fs-30b31e9a",
            "kms_key_id": "",
            "lifecycle_policy": [],
            "performance_mode": "generalPurpose",
            "provisioned_throughput_in_mibps": 0,
            "reference_name": null,
            "tags": {
              "Application": "Jenkins",
              "Name": "jenkins-master",
              "Owner": "DevOps Platform"
            },
            "throughput_mode": "bursting"
          },
          "private": "bnVsbA=="
        }
      ]
    },
    {
      "mode": "managed",
      "type": "aws_efs_mount_target",
      "name": "master",
      "provider": "provider.aws",
      "instances": [
        {
          "schema_version": 0,
          "attributes": {
            "dns_name": "fs-30b31e9a.efs.us-west-2.amazonaws.com",
            "file_system_arn": "arn:aws:elasticfilesystem:us-west-2:535819069727:file-system/fs-30b31e9a",
            "file_system_id": "fs-30b31e9a",
            "id": "fsmt-cdb8fd65",
            "ip_address": "10.0.1.11",
            "network_interface_id": "eni-017444991983248f5",
            "security_groups": [
              "sg-0a9be483a1b9f1e8b"
            ],
            "subnet_id": "subnet-0e62d0a10de165691"
          },
          "private": "bnVsbA==",
          "dependencies": [
            "aws_efs_file_system.master",
            "aws_security_group.master-efs-storage"
          ]
        }
      ]
    },
    {
      "mode": "managed",
      "type": "aws_instance",
      "name": "bastionhost",
      "provider": "provider.aws",
      "instances": [
        {
          "schema_version": 1,
          "attributes": {
            "ami": "ami-0246158ff25a09fc7",
            "arn": "arn:aws:ec2:us-west-2:535819069727:instance/i-0177b84a57cbd4a24",
            "associate_public_ip_address": true,
            "availability_zone": "us-west-2a",
            "cpu_core_count": 1,
            "cpu_threads_per_core": 1,
            "credit_specification": [
              {
                "cpu_credits": "standard"
              }
            ],
            "disable_api_termination": false,
            "ebs_block_device": [],
            "ebs_optimized": false,
            "ephemeral_block_device": [],
            "get_password_data": false,
            "host_id": null,
            "iam_instance_profile": "",
            "id": "i-0177b84a57cbd4a24",
            "instance_initiated_shutdown_behavior": null,
            "instance_state": "running",
            "instance_type": "t2.micro",
            "ipv6_address_count": 0,
            "ipv6_addresses": [],
            "key_name": "",
            "monitoring": false,
            "network_interface": [],
            "network_interface_id": null,
            "password_data": "",
            "placement_group": "",
            "primary_network_interface_id": "eni-0c9aa64f413535ed8",
            "private_dns": "ip-10-0-101-210.us-west-2.compute.internal",
            "private_ip": "10.0.101.210",
            "public_dns": "",
            "public_ip": "54.214.60.88",
            "root_block_device": [
              {
                "delete_on_termination": true,
                "encrypted": false,
                "iops": 100,
                "kms_key_id": "",
                "volume_id": "vol-0970e0540b20bdeea",
                "volume_size": 8,
                "volume_type": "gp2"
              }
            ],
            "security_groups": [
              "sg-0c98720a54372306f"
            ],
            "source_dest_check": true,
            "subnet_id": "subnet-068f52ac5d6963f06",
            "tags": {
              "Name": "Bastion Host"
            },
            "tenancy": "default",
            "timeouts": null,
            "user_data": null,
            "user_data_base64": null,
            "volume_tags": {},
            "vpc_security_group_ids": [
              "sg-0c98720a54372306f"
            ]
          },
          "private": "eyJlMmJmYjczMC1lY2FhLTExZTYtOGY4OC0zNDM2M2JjN2M0YzAiOnsiY3JlYXRlIjo2MDAwMDAwMDAwMDAsImRlbGV0ZSI6MTIwMDAwMDAwMDAwMCwidXBkYXRlIjo2MDAwMDAwMDAwMDB9LCJzY2hlbWFfdmVyc2lvbiI6IjEifQ==",
          "dependencies": [
            "aws_security_group.bastionhostsg"
          ]
        }
      ]
    },
    {
      "mode": "managed",
      "type": "aws_launch_configuration",
      "name": "master",
      "provider": "provider.aws",
      "instances": [
        {
          "schema_version": 0,
          "attributes": {
            "arn": "arn:aws:autoscaling:us-west-2:535819069727:launchConfiguration:0da7c8f5-6b11-41bc-a087-db70aafb1584:launchConfigurationName/terraform-20200117204236238800000001",
            "associate_public_ip_address": false,
            "ebs_block_device": [
              {
                "delete_on_termination": true,
                "device_name": "/dev/xvdf",
                "encrypted": false,
                "iops": 0,
                "no_device": false,
                "snapshot_id": "",
                "volume_size": 100,
                "volume_type": ""
              }
            ],
            "ebs_optimized": false,
            "enable_monitoring": true,
            "ephemeral_block_device": [],
            "iam_instance_profile": "",
            "id": "terraform-20200117204236238800000001",
            "image_id": "ami-0246158ff25a09fc7",
            "instance_type": "t2.micro",
            "key_name": "enterprise-jenkins",
            "name": "terraform-20200117204236238800000001",
            "name_prefix": null,
            "placement_tenancy": null,
            "root_block_device": [
              {
                "delete_on_termination": true,
                "encrypted": false,
                "iops": 0,
                "volume_size": 20,
                "volume_type": ""
              }
            ],
            "security_groups": [
              "sg-00d5671df8eee3699"
            ],
            "spot_price": "",
            "user_data": "249e14b5a823c868ac4b21beac7390416ab1039b",
            "user_data_base64": null,
            "vpc_classic_link_id": "",
            "vpc_classic_link_security_groups": []
          },
          "private": "bnVsbA==",
          "dependencies": [
            "aws_security_group.master"
          ]
        }
      ]
    },
    {
      "mode": "managed",
      "type": "aws_lb",
      "name": "master",
      "provider": "provider.aws",
      "instances": [
        {
          "schema_version": 0,
          "attributes": {
            "access_logs": [
              {
                "bucket": "",
                "enabled": false,
                "prefix": ""
              }
            ],
            "arn": "arn:aws:elasticloadbalancing:us-west-2:535819069727:loadbalancer/net/jenkins-master/bfdf1950b9efc8a8",
            "arn_suffix": "net/jenkins-master/bfdf1950b9efc8a8",
            "dns_name": "jenkins-master-bfdf1950b9efc8a8.elb.us-west-2.amazonaws.com",
            "enable_cross_zone_load_balancing": false,
            "enable_deletion_protection": false,
            "enable_http2": null,
            "id": "arn:aws:elasticloadbalancing:us-west-2:535819069727:loadbalancer/net/jenkins-master/bfdf1950b9efc8a8",
            "idle_timeout": null,
            "internal": false,
            "ip_address_type": "ipv4",
            "load_balancer_type": "network",
            "name": "jenkins-master",
            "name_prefix": null,
            "security_groups": [],
            "subnet_mapping": [
              {
                "allocation_id": "",
                "subnet_id": "subnet-00ae28f7188b84169"
              },
              {
                "allocation_id": "",
                "subnet_id": "subnet-00bac09c0bffd3f16"
              },
              {
                "allocation_id": "",
                "subnet_id": "subnet-068f52ac5d6963f06"
              }
            ],
            "subnets": [
              "subnet-00ae28f7188b84169",
              "subnet-00bac09c0bffd3f16",
              "subnet-068f52ac5d6963f06"
            ],
            "tags": {
              "Application": "Jenkins",
              "Name": "jenkins-master",
              "Owner": "DevOps Platform"
            },
            "timeouts": null,
            "vpc_id": "vpc-0ae1ed879ac9a2cdc",
            "zone_id": "Z18D5FSROUN65G"
          },
          "private": "eyJlMmJmYjczMC1lY2FhLTExZTYtOGY4OC0zNDM2M2JjN2M0YzAiOnsiY3JlYXRlIjo2MDAwMDAwMDAwMDAsImRlbGV0ZSI6NjAwMDAwMDAwMDAwLCJ1cGRhdGUiOjYwMDAwMDAwMDAwMH19"
        }
      ]
    },
    {
      "mode": "managed",
      "type": "aws_lb_listener",
      "name": "master",
      "provider": "provider.aws",
      "instances": [
        {
          "schema_version": 0,
          "attributes": {
            "arn": "arn:aws:elasticloadbalancing:us-west-2:535819069727:listener/net/jenkins-master/bfdf1950b9efc8a8/9ac086f76175a17a",
            "certificate_arn": null,
            "default_action": [
              {
                "authenticate_cognito": [],
                "authenticate_oidc": [],
                "fixed_response": [],
                "order": 1,
                "redirect": [],
                "target_group_arn": "arn:aws:elasticloadbalancing:us-west-2:535819069727:targetgroup/jm20200117203751225600000001/fa8d342c7f9c27a2",
                "type": "forward"
              }
            ],
            "id": "arn:aws:elasticloadbalancing:us-west-2:535819069727:listener/net/jenkins-master/bfdf1950b9efc8a8/9ac086f76175a17a",
            "load_balancer_arn": "arn:aws:elasticloadbalancing:us-west-2:535819069727:loadbalancer/net/jenkins-master/bfdf1950b9efc8a8",
            "port": 80,
            "protocol": "TCP",
            "ssl_policy": "",
            "timeouts": null
          },
          "private": "eyJlMmJmYjczMC1lY2FhLTExZTYtOGY4OC0zNDM2M2JjN2M0YzAiOnsicmVhZCI6NjAwMDAwMDAwMDAwfX0=",
          "dependencies": [
            "aws_lb.master",
            "aws_lb_target_group.master"
          ]
        }
      ]
    },
    {
      "mode": "managed",
      "type": "aws_lb_target_group",
      "name": "master",
      "provider": "provider.aws",
      "instances": [
        {
          "schema_version": 0,
          "attributes": {
            "arn": "arn:aws:elasticloadbalancing:us-west-2:535819069727:targetgroup/jm20200117203751225600000001/fa8d342c7f9c27a2",
            "arn_suffix": "targetgroup/jm20200117203751225600000001/fa8d342c7f9c27a2",
            "deregistration_delay": 300,
            "health_check": [
              {
                "enabled": true,
                "healthy_threshold": 3,
                "interval": 30,
                "matcher": "",
                "path": "",
                "port": "traffic-port",
                "protocol": "TCP",
                "timeout": 10,
                "unhealthy_threshold": 3
              }
            ],
            "id": "arn:aws:elasticloadbalancing:us-west-2:535819069727:targetgroup/jm20200117203751225600000001/fa8d342c7f9c27a2",
            "lambda_multi_value_headers_enabled": false,
            "name": "jm20200117203751225600000001",
            "name_prefix": "jm",
            "port": 8080,
            "protocol": "TCP",
            "proxy_protocol_v2": false,
            "slow_start": 0,
            "stickiness": [],
            "tags": {},
            "target_type": "instance",
            "vpc_id": "vpc-0ae1ed879ac9a2cdc"
          },
          "private": "bnVsbA=="
        }
      ]
    },
    {
      "mode": "managed",
      "type": "aws_route53_record",
      "name": "jenkins_master",
      "provider": "provider.aws",
      "instances": [
        {
          "schema_version": 2,
          "attributes": {
            "alias": [
              {
                "evaluate_target_health": true,
                "name": "jenkins-master-bfdf1950b9efc8a8.elb.us-west-2.amazonaws.com",
                "zone_id": "Z18D5FSROUN65G"
              }
            ],
            "allow_overwrite": null,
            "failover_routing_policy": [],
            "fqdn": "jenkins.arjunsreepad.com",
            "geolocation_routing_policy": [],
            "health_check_id": "",
            "id": "Z2PL9JJOXXV5V3_jenkins.arjunsreepad.com_A",
            "latency_routing_policy": [],
            "multivalue_answer_routing_policy": null,
            "name": "jenkins.arjunsreepad.com",
            "records": [],
            "set_identifier": "",
            "ttl": 0,
            "type": "A",
            "weighted_routing_policy": [],
            "zone_id": "Z2PL9JJOXXV5V3"
          },
          "private": "eyJzY2hlbWFfdmVyc2lvbiI6IjIifQ==",
          "dependencies": [
            "aws_lb.master"
          ]
        }
      ]
    },
    {
      "mode": "managed",
      "type": "aws_security_group",
      "name": "bastionhostsg",
      "provider": "provider.aws",
      "instances": [
        {
          "schema_version": 1,
          "attributes": {
            "arn": "arn:aws:ec2:us-west-2:535819069727:security-group/sg-0c98720a54372306f",
            "description": "Security Group fo rbastion host",
            "egress": [
              {
                "cidr_blocks": [
                  "0.0.0.0/0"
                ],
                "description": "",
                "from_port": 0,
                "ipv6_cidr_blocks": [],
                "prefix_list_ids": [],
                "protocol": "-1",
                "security_groups": [],
                "self": false,
                "to_port": 0
              }
            ],
            "id": "sg-0c98720a54372306f",
            "ingress": [
              {
                "cidr_blocks": [
                  "0.0.0.0/0"
                ],
                "description": "",
                "from_port": 22,
                "ipv6_cidr_blocks": [],
                "prefix_list_ids": [],
                "protocol": "tcp",
                "security_groups": [],
                "self": false,
                "to_port": 22
              }
            ],
            "name": "bastionhostsg",
            "name_prefix": null,
            "owner_id": "535819069727",
            "revoke_rules_on_delete": false,
            "tags": null,
            "timeouts": null,
            "vpc_id": "vpc-0ae1ed879ac9a2cdc"
          },
          "private": "eyJlMmJmYjczMC1lY2FhLTExZTYtOGY4OC0zNDM2M2JjN2M0YzAiOnsiY3JlYXRlIjo2MDAwMDAwMDAwMDAsImRlbGV0ZSI6NjAwMDAwMDAwMDAwfSwic2NoZW1hX3ZlcnNpb24iOiIxIn0="
        }
      ]
    },
    {
      "mode": "managed",
      "type": "aws_security_group",
      "name": "master",
      "provider": "provider.aws",
      "instances": [
        {
          "schema_version": 1,
          "attributes": {
            "arn": "arn:aws:ec2:us-west-2:535819069727:security-group/sg-00d5671df8eee3699",
            "description": "Allow TLS inbound traffic",
            "egress": [
              {
                "cidr_blocks": [
                  "0.0.0.0/0"
                ],
                "description": "",
                "from_port": 0,
                "ipv6_cidr_blocks": [],
                "prefix_list_ids": [],
                "protocol": "-1",
                "security_groups": [],
                "self": false,
                "to_port": 0
              }
            ],
            "id": "sg-00d5671df8eee3699",
            "ingress": [
              {
                "cidr_blocks": [
                  "0.0.0.0/0"
                ],
                "description": "",
                "from_port": 443,
                "ipv6_cidr_blocks": [],
                "prefix_list_ids": [],
                "protocol": "tcp",
                "security_groups": [],
                "self": false,
                "to_port": 443
              },
              {
                "cidr_blocks": [
                  "0.0.0.0/0"
                ],
                "description": "",
                "from_port": 8080,
                "ipv6_cidr_blocks": [],
                "prefix_list_ids": [],
                "protocol": "tcp",
                "security_groups": [],
                "self": false,
                "to_port": 8080
              },
              {
                "cidr_blocks": [
                  "10.0.0.0/16"
                ],
                "description": "",
                "from_port": 22,
                "ipv6_cidr_blocks": [],
                "prefix_list_ids": [],
                "protocol": "tcp",
                "security_groups": [],
                "self": false,
                "to_port": 22
              }
            ],
            "name": "jenkins-master",
            "name_prefix": null,
            "owner_id": "535819069727",
            "revoke_rules_on_delete": false,
            "tags": {},
            "timeouts": null,
            "vpc_id": "vpc-0ae1ed879ac9a2cdc"
          },
          "private": "eyJlMmJmYjczMC1lY2FhLTExZTYtOGY4OC0zNDM2M2JjN2M0YzAiOnsiY3JlYXRlIjo2MDAwMDAwMDAwMDAsImRlbGV0ZSI6NjAwMDAwMDAwMDAwfSwic2NoZW1hX3ZlcnNpb24iOiIxIn0="
        }
      ]
    },
    {
      "mode": "managed",
      "type": "aws_security_group",
      "name": "master-efs-storage",
      "provider": "provider.aws",
      "instances": [
        {
          "schema_version": 1,
          "attributes": {
            "arn": "arn:aws:ec2:us-west-2:535819069727:security-group/sg-0a9be483a1b9f1e8b",
            "description": "Allow TLS inbound traffic",
            "egress": [
              {
                "cidr_blocks": [
                  "0.0.0.0/0"
                ],
                "description": "",
                "from_port": 0,
                "ipv6_cidr_blocks": [],
                "prefix_list_ids": [],
                "protocol": "-1",
                "security_groups": [],
                "self": false,
                "to_port": 0
              }
            ],
            "id": "sg-0a9be483a1b9f1e8b",
            "ingress": [
              {
                "cidr_blocks": [
                  "10.0.0.0/16"
                ],
                "description": "",
                "from_port": 0,
                "ipv6_cidr_blocks": [],
                "prefix_list_ids": [],
                "protocol": "-1",
                "security_groups": [],
                "self": false,
                "to_port": 0
              }
            ],
            "name": "jenkins-master-efs-storage",
            "name_prefix": null,
            "owner_id": "535819069727",
            "revoke_rules_on_delete": false,
            "tags": {},
            "timeouts": null,
            "vpc_id": "vpc-0ae1ed879ac9a2cdc"
          },
          "private": "eyJlMmJmYjczMC1lY2FhLTExZTYtOGY4OC0zNDM2M2JjN2M0YzAiOnsiY3JlYXRlIjo2MDAwMDAwMDAwMDAsImRlbGV0ZSI6NjAwMDAwMDAwMDAwfSwic2NoZW1hX3ZlcnNpb24iOiIxIn0="
        }
      ]
    }
  ]
}
